
Microsoft Visual Studio Solution File, Format Version 12.00
# Visual Studio Version 16
VisualStudioVersion = 16.0.29728.190
MinimumVisualStudioVersion = 10.0.40219.1
Project("{FAE04EC0-301F-11D3-BF4B-00C04F79EFBC}") = "LikeMetro", "LikeMetro.csproj", "{5D2DB9A3-7F9A-4597-A734-DD6E79FC8C3B}"
EndProject
Global
	GlobalSection(SolutionConfigurationPlatforms) = preSolution
		Debug|Any CPU = Debug|Any CPU
		Release|Any CPU = Release|Any CPU
	EndGlobalSection
	GlobalSection(ProjectConfigurationPlatforms) = postSolution
		{5D2DB9A3-7F9A-4597-A734-DD6E79FC8C3B}.Debug|Any CPU.ActiveCfg = Debug|Any CPU
		{5D2DB9A3-7F9A-4597-A734-DD6E79FC8C3B}.Debug|Any CPU.Build.0 = Debug|Any CPU
		{5D2DB9A3-7F9A-4597-A734-DD6E79FC8C3B}.Release|Any CPU.ActiveCfg = Release|Any CPU
		{5D2DB9A3-7F9A-4597-A734-DD6E79FC8C3B}.Release|Any CPU.Build.0 = Release|Any CPU
	EndGlobalSection
	GlobalSection(SolutionProperties) = preSolution
		HideSolutionNode = FALSE
	EndGlobalSection
	GlobalSection(ExtensibilityGlobals) = postSolution
		SolutionGuid = {46CD629A-25BD-47DA-BA00-EEAE163E219A}
	EndGlobalSection
EndGlobal
